{
  "originHash" : "fcc2f5ecc6d7961c4ec2950667ce8a4e0426901a22796cdbc38c695ab417568d",
  "pins" : [
    {
      "identity" : "ergo",
      "kind" : "remoteSourceControl",
      "location" : "https://github.com/Fleuronic/Ergo",
      "state" : {
        "branch" : "main",
        "revision" : "afc5c0d7b7a41453994f01fc714c77c32a50ca8d"
      }
    },
    {
      "identity" : "reactiveswift",
      "kind" : "remoteSourceControl",
      "location" : "https://github.com/Fleuronic/ReactiveSwift.git",
      "state" : {
        "branch" : "main",
        "revision" : "db54c7d9b7cf3ed89962eac4b28a4c05df855956"
      }
    },
    {
      "identity" : "workflow-swift",
      "kind" : "remoteSourceControl",
      "location" : "https://github.com/Fleuronic/workflow-swift",
      "state" : {
        "branch" : "main",
        "revision" : "91e659bff5994fb582c8b220c65e4e7fa7b9eeb0"
      }
    }
  ],
  "version" : 3
}
