{
  "pins" : [
    {
      "identity" : "ergo",
      "kind" : "remoteSourceControl",
      "location" : "https://github.com/Fleuronic/Ergo",
      "state" : {
        "branch" : "main",
        "revision" : "81b6cb2ae81514b1eed27ad5cb3d230f9e8aef48"
      }
    },
    {
      "identity" : "reactiveswift",
      "kind" : "remoteSourceControl",
      "location" : "https://github.com/Fleuronic/ReactiveSwift.git",
      "state" : {
        "branch" : "main",
        "revision" : "db54c7d9b7cf3ed89962eac4b28a4c05df855956"
      }
    },
    {
      "identity" : "workflow-swift",
      "kind" : "remoteSourceControl",
      "location" : "https://github.com/Fleuronic/workflow-swift",
      "state" : {
        "branch" : "main",
        "revision" : "8e7cbc26910dd87248e15dc80417cea3d2c03664"
      }
    }
  ],
  "version" : 2
}
