{
  "pins" : [
    {
      "identity" : "ergo",
      "kind" : "remoteSourceControl",
      "location" : "https://github.com/Fleuronic/Ergo",
      "state" : {
        "branch" : "main",
        "revision" : "db011bc292c3fdedb0e5960cf53460d5aeef07f3"
      }
    },
    {
      "identity" : "reactiveswift",
      "kind" : "remoteSourceControl",
      "location" : "https://github.com/Fleuronic/ReactiveSwift.git",
      "state" : {
        "branch" : "main",
        "revision" : "7b922072ceeb867e2550d4a76558763b16daa6a6"
      }
    },
    {
      "identity" : "workflow-swift",
      "kind" : "remoteSourceControl",
      "location" : "https://github.com/Fleuronic/workflow-swift",
      "state" : {
        "branch" : "main",
        "revision" : "39debabbb81826e4e639b0a7018d78c28f2eeb5d"
      }
    }
  ],
  "version" : 2
}
